
Microsoft Visual Studio Solution File, Format Version 12.00
# Visual Studio 2013
VisualStudioVersion = 12.0.40629.0
MinimumVisualStudioVersion = 10.0.40219.1
Project("{FAE04EC0-301F-11D3-BF4B-00C04F79EFBC}") = "SAPWebApi", "SAPWebApi\SAPWebApi.csproj", "{B30192C9-340C-4FD6-9034-4D62377BFCDE}"
EndProject
Project("{FAE04EC0-301F-11D3-BF4B-00C04F79EFBC}") = "SAPWebApi.Tests", "SAPWebApi.Tests\SAPWebApi.Tests.csproj", "{B3F52212-F687-4C91-B3B1-1F062CC5A5E5}"
EndProject
Global
	GlobalSection(SolutionConfigurationPlatforms) = preSolution
		Debug|Any CPU = Debug|Any CPU
		Release|Any CPU = Release|Any CPU
	EndGlobalSection
	GlobalSection(ProjectConfigurationPlatforms) = postSolution
		{B30192C9-340C-4FD6-9034-4D62377BFCDE}.Debug|Any CPU.ActiveCfg = Debug|Any CPU
		{B30192C9-340C-4FD6-9034-4D62377BFCDE}.Debug|Any CPU.Build.0 = Debug|Any CPU
		{B30192C9-340C-4FD6-9034-4D62377BFCDE}.Release|Any CPU.ActiveCfg = Release|Any CPU
		{B30192C9-340C-4FD6-9034-4D62377BFCDE}.Release|Any CPU.Build.0 = Release|Any CPU
		{B3F52212-F687-4C91-B3B1-1F062CC5A5E5}.Debug|Any CPU.ActiveCfg = Debug|Any CPU
		{B3F52212-F687-4C91-B3B1-1F062CC5A5E5}.Debug|Any CPU.Build.0 = Debug|Any CPU
		{B3F52212-F687-4C91-B3B1-1F062CC5A5E5}.Release|Any CPU.ActiveCfg = Release|Any CPU
		{B3F52212-F687-4C91-B3B1-1F062CC5A5E5}.Release|Any CPU.Build.0 = Release|Any CPU
	EndGlobalSection
	GlobalSection(SolutionProperties) = preSolution
		HideSolutionNode = FALSE
	EndGlobalSection
EndGlobal
